
Microsoft Visual Studio Solution File, Format Version 12.00
# Visual Studio 15
VisualStudioVersion = 15.0.26730.12
MinimumVisualStudioVersion = 10.0.40219.1
Project("{FAE04EC0-301F-11D3-BF4B-00C04F79EFBC}") = "BibliotecaDeClases", "BibliotecaDeClases\BibliotecaDeClases.csproj", "{674606D5-2955-4C7D-8C95-C9C99E53E282}"
EndProject
Project("{FAE04EC0-301F-11D3-BF4B-00C04F79EFBC}") = "Aplicacion.Web", "Aplicacion.Web\Aplicacion.Web.csproj", "{9948C3CC-4DF6-42E1-A7FB-827FB9343B95}"
EndProject
Global
	GlobalSection(SolutionConfigurationPlatforms) = preSolution
		Debug|Any CPU = Debug|Any CPU
		Release|Any CPU = Release|Any CPU
	EndGlobalSection
	GlobalSection(ProjectConfigurationPlatforms) = postSolution
		{674606D5-2955-4C7D-8C95-C9C99E53E282}.Debug|Any CPU.ActiveCfg = Debug|Any CPU
		{674606D5-2955-4C7D-8C95-C9C99E53E282}.Debug|Any CPU.Build.0 = Debug|Any CPU
		{674606D5-2955-4C7D-8C95-C9C99E53E282}.Release|Any CPU.ActiveCfg = Release|Any CPU
		{674606D5-2955-4C7D-8C95-C9C99E53E282}.Release|Any CPU.Build.0 = Release|Any CPU
		{9948C3CC-4DF6-42E1-A7FB-827FB9343B95}.Debug|Any CPU.ActiveCfg = Debug|Any CPU
		{9948C3CC-4DF6-42E1-A7FB-827FB9343B95}.Debug|Any CPU.Build.0 = Debug|Any CPU
		{9948C3CC-4DF6-42E1-A7FB-827FB9343B95}.Release|Any CPU.ActiveCfg = Release|Any CPU
		{9948C3CC-4DF6-42E1-A7FB-827FB9343B95}.Release|Any CPU.Build.0 = Release|Any CPU
	EndGlobalSection
	GlobalSection(SolutionProperties) = preSolution
		HideSolutionNode = FALSE
	EndGlobalSection
	GlobalSection(ExtensibilityGlobals) = postSolution
		SolutionGuid = {3D88229B-59E1-4951-9803-3F0C7EB63B03}
	EndGlobalSection
EndGlobal
